{
  "name": "Exercicios-JS",
  "lockfileVersion": 2,
  "requires": true,
  "packages": {
    "": {
      "dependencies": {
        "lodash": "^4.17.21",
        "loldash": "^9002.0.0"
      }
    },
    "node_modules/lodash": {
      "version": "4.17.21",
      "resolved": "https://registry.npmjs.org/lodash/-/lodash-4.17.21.tgz",
      "integrity": "sha512-v2kDEe57lecTulaDIuNTPy3Ry4gLGJ6Z1O3vE1krgXZNrsQ+LFTGHVxVjcXPs17LhbZVGedAJv8XZ1tvj5FvSg=="
    },
    "node_modules/loldash": {
      "version": "9002.0.0",
      "resolved": "https://registry.npmjs.org/loldash/-/loldash-9002.0.0.tgz",
      "integrity": "sha512-HFeGQyj5kfdJNRg9ksFQcOS2gRoXSkF6Hgsnuz3K+vXMtC6wGrSImQt/jN7e+/rPsn1G9lKag8qysprUw13V/g=="
    }
  },
  "dependencies": {
    "lodash": {
      "version": "4.17.21",
      "resolved": "https://registry.npmjs.org/lodash/-/lodash-4.17.21.tgz",
      "integrity": "sha512-v2kDEe57lecTulaDIuNTPy3Ry4gLGJ6Z1O3vE1krgXZNrsQ+LFTGHVxVjcXPs17LhbZVGedAJv8XZ1tvj5FvSg=="
    },
    "loldash": {
      "version": "9002.0.0",
      "resolved": "https://registry.npmjs.org/loldash/-/loldash-9002.0.0.tgz",
      "integrity": "sha512-HFeGQyj5kfdJNRg9ksFQcOS2gRoXSkF6Hgsnuz3K+vXMtC6wGrSImQt/jN7e+/rPsn1G9lKag8qysprUw13V/g=="
    }
  }
}
